
Microsoft Visual Studio Solution File, Format Version 12.00
# Visual Studio for Mac
Project("{FAE04EC0-301F-11D3-BF4B-00C04F79EFBC}") = "Assembly-CSharp", "Assembly-CSharp.csproj", "{3C4A3D00-1604-19E6-071D-E3233E2406A5}"
EndProject
Project("{FAE04EC0-301F-11D3-BF4B-00C04F79EFBC}") = "Assembly-CSharp-Editor", "Assembly-CSharp-Editor.csproj", "{6CB7B2D5-F8FC-EB0A-B713-C383458DBF80}"
EndProject
Global
	GlobalSection(SolutionConfigurationPlatforms) = preSolution
		Debug|Any CPU = Debug|Any CPU
		Release|Any CPU = Release|Any CPU
	EndGlobalSection
	GlobalSection(ProjectConfigurationPlatforms) = postSolution
		{3C4A3D00-1604-19E6-071D-E3233E2406A5}.Debug|Any CPU.ActiveCfg = Debug|Any CPU
		{3C4A3D00-1604-19E6-071D-E3233E2406A5}.Debug|Any CPU.Build.0 = Debug|Any CPU
		{3C4A3D00-1604-19E6-071D-E3233E2406A5}.Release|Any CPU.ActiveCfg = Release|Any CPU
		{3C4A3D00-1604-19E6-071D-E3233E2406A5}.Release|Any CPU.Build.0 = Release|Any CPU
		{6CB7B2D5-F8FC-EB0A-B713-C383458DBF80}.Debug|Any CPU.ActiveCfg = Debug|Any CPU
		{6CB7B2D5-F8FC-EB0A-B713-C383458DBF80}.Debug|Any CPU.Build.0 = Debug|Any CPU
		{6CB7B2D5-F8FC-EB0A-B713-C383458DBF80}.Release|Any CPU.ActiveCfg = Release|Any CPU
		{6CB7B2D5-F8FC-EB0A-B713-C383458DBF80}.Release|Any CPU.Build.0 = Release|Any CPU
	EndGlobalSection
	GlobalSection(SolutionProperties) = preSolution
		HideSolutionNode = FALSE
	EndGlobalSection
EndGlobal
